<Solution>
  <Folder Name="/src/">
    <Project Path="src/coFind.Api/coFind.Api.csproj" />
    <Project Path="src/coFind.Application/coFind.Application.csproj" />
    <Project Path="src/coFind.Domain/coFind.Domain.csproj" />
    <Project Path="src/coFind.Infrastructure/coFind.Infrastructure.csproj" />
  </Folder>
</Solution>
